
Microsoft Visual Studio Solution File, Format Version 12.00
# Visual Studio Version 17
VisualStudioVersion = 17.9.34701.34
MinimumVisualStudioVersion = 10.0.40219.1
Project("{FAE04EC0-301F-11D3-BF4B-00C04F79EFBC}") = "PizzaCreatorMaui", "PizzaCreatorMaui\PizzaCreatorMaui.csproj", "{7E23F440-C6FC-4451-9771-F1C51FB6A24B}"
EndProject
Global
	GlobalSection(SolutionConfigurationPlatforms) = preSolution
		Debug|Any CPU = Debug|Any CPU
		Release|Any CPU = Release|Any CPU
	EndGlobalSection
	GlobalSection(ProjectConfigurationPlatforms) = postSolution
		{7E23F440-C6FC-4451-9771-F1C51FB6A24B}.Debug|Any CPU.ActiveCfg = Debug|Any CPU
		{7E23F440-C6FC-4451-9771-F1C51FB6A24B}.Debug|Any CPU.Build.0 = Debug|Any CPU
		{7E23F440-C6FC-4451-9771-F1C51FB6A24B}.Debug|Any CPU.Deploy.0 = Debug|Any CPU
		{7E23F440-C6FC-4451-9771-F1C51FB6A24B}.Release|Any CPU.ActiveCfg = Release|Any CPU
		{7E23F440-C6FC-4451-9771-F1C51FB6A24B}.Release|Any CPU.Build.0 = Release|Any CPU
		{7E23F440-C6FC-4451-9771-F1C51FB6A24B}.Release|Any CPU.Deploy.0 = Release|Any CPU
	EndGlobalSection
	GlobalSection(SolutionProperties) = preSolution
		HideSolutionNode = FALSE
	EndGlobalSection
	GlobalSection(ExtensibilityGlobals) = postSolution
		SolutionGuid = {E02C85AA-5D54-492B-805F-4C56EA2B0FF1}
	EndGlobalSection
EndGlobal
